PODS:
  - DateTools (2.0.0)
  - Masonry (1.1.0)

DEPENDENCIES:
  - DateTools
  - Masonry

SPEC REPOS:
  trunk:
    - DateTools
    - Masonry

SPEC CHECKSUMS:
  DateTools: 933ac9c490f21f92127cf690ccd8c397e0126caf
  Masonry: 678fab65091a9290e40e2832a55e7ab731aad201

PODFILE CHECKSUM: 097e57ca3b0d41da43ad9d67eed2b612809202f7

COCOAPODS: 1.12.1
